
Microsoft Visual Studio Solution File, Format Version 12.00
# Visual Studio 15
VisualStudioVersion = 15.0.26430.6
MinimumVisualStudioVersion = 10.0.40219.1
Project("{FAE04EC0-301F-11D3-BF4B-00C04F79EFBC}") = "HalloEntityDataModel", "HalloEntityDataModel\HalloEntityDataModel.csproj", "{9398887D-C285-47DC-B8C5-B5C1A0034424}"
EndProject
Project("{FAE04EC0-301F-11D3-BF4B-00C04F79EFBC}") = "HalloDelegates", "HalloDelegates\HalloDelegates.csproj", "{41E90766-8771-4C09-A0AA-A7B3923A8BBB}"
EndProject
Project("{FAE04EC0-301F-11D3-BF4B-00C04F79EFBC}") = "DelegatesInPraxis", "DelegatesInPraxis\DelegatesInPraxis.csproj", "{7CDDB7A5-1629-4549-902C-7C87DEBA01D0}"
EndProject
Project("{FAE04EC0-301F-11D3-BF4B-00C04F79EFBC}") = "HalloCodeFirstFromDatabase", "HalloCodeFirstFromDatabase\HalloCodeFirstFromDatabase.csproj", "{8F3797EA-24AE-404B-A045-6A37569E000A}"
EndProject
Project("{FAE04EC0-301F-11D3-BF4B-00C04F79EFBC}") = "HalloCodeFirst", "HalloCodeFirst\HalloCodeFirst.csproj", "{8A0E619D-F214-4104-A563-3A8889421544}"
EndProject
Project("{FAE04EC0-301F-11D3-BF4B-00C04F79EFBC}") = "EfInheritance", "EfInheritance\EfInheritance.csproj", "{829B4595-006E-41D6-8A9D-2E60CFD9329D}"
EndProject
Project("{2150E333-8FDC-42A3-9474-1A3956D46DE8}") = "Kammmolch", "Kammmolch", "{986827B8-E536-4663-8BF7-5022CC4AC4F9}"
EndProject
Project("{2150E333-8FDC-42A3-9474-1A3956D46DE8}") = "Data", "Data", "{3B57A763-ECCD-47BA-9FC5-D17002C81D46}"
EndProject
Project("{2150E333-8FDC-42A3-9474-1A3956D46DE8}") = "Core", "Core", "{3083F906-E7E1-404D-8F01-6C664A417A9B}"
EndProject
Project("{2150E333-8FDC-42A3-9474-1A3956D46DE8}") = "UI", "UI", "{AC9D6C1D-9C6A-4992-BCF0-FB3A62B525D5}"
EndProject
Project("{FAE04EC0-301F-11D3-BF4B-00C04F79EFBC}") = "Kammmolch.Core", "Kammmolch.Core\Kammmolch.Core.csproj", "{E20B620F-6C2A-4A70-B28A-6BF186ACB0F9}"
EndProject
Project("{FAE04EC0-301F-11D3-BF4B-00C04F79EFBC}") = "Kammmolch.Data", "Kammmolch.Data\Kammmolch.Data.csproj", "{A1B2B3E6-276D-47E8-85FE-2777791F896F}"
EndProject
Project("{FAE04EC0-301F-11D3-BF4B-00C04F79EFBC}") = "Kammmolch.UI", "Kammmolch.UI\Kammmolch.UI.csproj", "{BCCB3178-F0B2-430F-AB38-03E919D07EE2}"
EndProject
Project("{FAE04EC0-301F-11D3-BF4B-00C04F79EFBC}") = "Kammmolch.Data.Logging", "Kammmolch.Data.Logging\Kammmolch.Data.Logging.csproj", "{B2420472-B229-456F-8E89-DFEE5157F780}"
EndProject
Project("{FAE04EC0-301F-11D3-BF4B-00C04F79EFBC}") = "Kammmolch.Data.Shared", "Kammmolch.Data.Shared\Kammmolch.Data.Shared.csproj", "{845A18E8-FA21-4072-9ACA-CAF5C2B786E3}"
EndProject
Global
	GlobalSection(SolutionConfigurationPlatforms) = preSolution
		Debug|Any CPU = Debug|Any CPU
		Release|Any CPU = Release|Any CPU
	EndGlobalSection
	GlobalSection(ProjectConfigurationPlatforms) = postSolution
		{9398887D-C285-47DC-B8C5-B5C1A0034424}.Debug|Any CPU.ActiveCfg = Debug|Any CPU
		{9398887D-C285-47DC-B8C5-B5C1A0034424}.Debug|Any CPU.Build.0 = Debug|Any CPU
		{9398887D-C285-47DC-B8C5-B5C1A0034424}.Release|Any CPU.ActiveCfg = Release|Any CPU
		{9398887D-C285-47DC-B8C5-B5C1A0034424}.Release|Any CPU.Build.0 = Release|Any CPU
		{41E90766-8771-4C09-A0AA-A7B3923A8BBB}.Debug|Any CPU.ActiveCfg = Debug|Any CPU
		{41E90766-8771-4C09-A0AA-A7B3923A8BBB}.Debug|Any CPU.Build.0 = Debug|Any CPU
		{41E90766-8771-4C09-A0AA-A7B3923A8BBB}.Release|Any CPU.ActiveCfg = Release|Any CPU
		{41E90766-8771-4C09-A0AA-A7B3923A8BBB}.Release|Any CPU.Build.0 = Release|Any CPU
		{7CDDB7A5-1629-4549-902C-7C87DEBA01D0}.Debug|Any CPU.ActiveCfg = Debug|Any CPU
		{7CDDB7A5-1629-4549-902C-7C87DEBA01D0}.Debug|Any CPU.Build.0 = Debug|Any CPU
		{7CDDB7A5-1629-4549-902C-7C87DEBA01D0}.Release|Any CPU.ActiveCfg = Release|Any CPU
		{7CDDB7A5-1629-4549-902C-7C87DEBA01D0}.Release|Any CPU.Build.0 = Release|Any CPU
		{8F3797EA-24AE-404B-A045-6A37569E000A}.Debug|Any CPU.ActiveCfg = Debug|Any CPU
		{8F3797EA-24AE-404B-A045-6A37569E000A}.Debug|Any CPU.Build.0 = Debug|Any CPU
		{8F3797EA-24AE-404B-A045-6A37569E000A}.Release|Any CPU.ActiveCfg = Release|Any CPU
		{8F3797EA-24AE-404B-A045-6A37569E000A}.Release|Any CPU.Build.0 = Release|Any CPU
		{8A0E619D-F214-4104-A563-3A8889421544}.Debug|Any CPU.ActiveCfg = Debug|Any CPU
		{8A0E619D-F214-4104-A563-3A8889421544}.Debug|Any CPU.Build.0 = Debug|Any CPU
		{8A0E619D-F214-4104-A563-3A8889421544}.Release|Any CPU.ActiveCfg = Release|Any CPU
		{8A0E619D-F214-4104-A563-3A8889421544}.Release|Any CPU.Build.0 = Release|Any CPU
		{829B4595-006E-41D6-8A9D-2E60CFD9329D}.Debug|Any CPU.ActiveCfg = Debug|Any CPU
		{829B4595-006E-41D6-8A9D-2E60CFD9329D}.Debug|Any CPU.Build.0 = Debug|Any CPU
		{829B4595-006E-41D6-8A9D-2E60CFD9329D}.Release|Any CPU.ActiveCfg = Release|Any CPU
		{829B4595-006E-41D6-8A9D-2E60CFD9329D}.Release|Any CPU.Build.0 = Release|Any CPU
		{E20B620F-6C2A-4A70-B28A-6BF186ACB0F9}.Debug|Any CPU.ActiveCfg = Debug|Any CPU
		{E20B620F-6C2A-4A70-B28A-6BF186ACB0F9}.Debug|Any CPU.Build.0 = Debug|Any CPU
		{E20B620F-6C2A-4A70-B28A-6BF186ACB0F9}.Release|Any CPU.ActiveCfg = Release|Any CPU
		{E20B620F-6C2A-4A70-B28A-6BF186ACB0F9}.Release|Any CPU.Build.0 = Release|Any CPU
		{A1B2B3E6-276D-47E8-85FE-2777791F896F}.Debug|Any CPU.ActiveCfg = Debug|Any CPU
		{A1B2B3E6-276D-47E8-85FE-2777791F896F}.Debug|Any CPU.Build.0 = Debug|Any CPU
		{A1B2B3E6-276D-47E8-85FE-2777791F896F}.Release|Any CPU.ActiveCfg = Release|Any CPU
		{A1B2B3E6-276D-47E8-85FE-2777791F896F}.Release|Any CPU.Build.0 = Release|Any CPU
		{BCCB3178-F0B2-430F-AB38-03E919D07EE2}.Debug|Any CPU.ActiveCfg = Debug|Any CPU
		{BCCB3178-F0B2-430F-AB38-03E919D07EE2}.Debug|Any CPU.Build.0 = Debug|Any CPU
		{BCCB3178-F0B2-430F-AB38-03E919D07EE2}.Release|Any CPU.ActiveCfg = Release|Any CPU
		{BCCB3178-F0B2-430F-AB38-03E919D07EE2}.Release|Any CPU.Build.0 = Release|Any CPU
		{B2420472-B229-456F-8E89-DFEE5157F780}.Debug|Any CPU.ActiveCfg = Debug|Any CPU
		{B2420472-B229-456F-8E89-DFEE5157F780}.Debug|Any CPU.Build.0 = Debug|Any CPU
		{B2420472-B229-456F-8E89-DFEE5157F780}.Release|Any CPU.ActiveCfg = Release|Any CPU
		{B2420472-B229-456F-8E89-DFEE5157F780}.Release|Any CPU.Build.0 = Release|Any CPU
		{845A18E8-FA21-4072-9ACA-CAF5C2B786E3}.Debug|Any CPU.ActiveCfg = Debug|Any CPU
		{845A18E8-FA21-4072-9ACA-CAF5C2B786E3}.Debug|Any CPU.Build.0 = Debug|Any CPU
		{845A18E8-FA21-4072-9ACA-CAF5C2B786E3}.Release|Any CPU.ActiveCfg = Release|Any CPU
		{845A18E8-FA21-4072-9ACA-CAF5C2B786E3}.Release|Any CPU.Build.0 = Release|Any CPU
	EndGlobalSection
	GlobalSection(SolutionProperties) = preSolution
		HideSolutionNode = FALSE
	EndGlobalSection
	GlobalSection(NestedProjects) = preSolution
		{3B57A763-ECCD-47BA-9FC5-D17002C81D46} = {986827B8-E536-4663-8BF7-5022CC4AC4F9}
		{3083F906-E7E1-404D-8F01-6C664A417A9B} = {986827B8-E536-4663-8BF7-5022CC4AC4F9}
		{AC9D6C1D-9C6A-4992-BCF0-FB3A62B525D5} = {986827B8-E536-4663-8BF7-5022CC4AC4F9}
		{E20B620F-6C2A-4A70-B28A-6BF186ACB0F9} = {3083F906-E7E1-404D-8F01-6C664A417A9B}
		{A1B2B3E6-276D-47E8-85FE-2777791F896F} = {3B57A763-ECCD-47BA-9FC5-D17002C81D46}
		{BCCB3178-F0B2-430F-AB38-03E919D07EE2} = {AC9D6C1D-9C6A-4992-BCF0-FB3A62B525D5}
		{B2420472-B229-456F-8E89-DFEE5157F780} = {3B57A763-ECCD-47BA-9FC5-D17002C81D46}
		{845A18E8-FA21-4072-9ACA-CAF5C2B786E3} = {3B57A763-ECCD-47BA-9FC5-D17002C81D46}
	EndGlobalSection
EndGlobal
